
Microsoft Visual Studio Solution File, Format Version 12.00
# Visual Studio Version 17
VisualStudioVersion = 17.0.31903.59
MinimumVisualStudioVersion = 10.0.40219.1
Project("{FAE04EC0-301F-11D3-BF4B-00C04F79EFBC}") = "mvcblzr1", "mvcblzr\mvcblzr1.csproj", "{0510F2C0-04B9-4203-8243-31588B2F43A4}"
EndProject
Project("{FAE04EC0-301F-11D3-BF4B-00C04F79EFBC}") = "justblzr", "justblzr\justblzr.csproj", "{9EEB790A-E7CE-4A0D-A384-CB633B7A99D4}"
EndProject
Project("{FAE04EC0-301F-11D3-BF4B-00C04F79EFBC}") = "justmvc", "justmvc\justmvc.csproj", "{129241EE-8D9B-4B6A-94C6-C3B8B6C05063}"
EndProject
Project("{FAE04EC0-301F-11D3-BF4B-00C04F79EFBC}") = "features", "features\features.csproj", "{65D86DC0-647E-4536-9838-CE9C96134DB2}"
EndProject
Global
	GlobalSection(SolutionConfigurationPlatforms) = preSolution
		Debug|Any CPU = Debug|Any CPU
		Release|Any CPU = Release|Any CPU
	EndGlobalSection
	GlobalSection(SolutionProperties) = preSolution
		HideSolutionNode = FALSE
	EndGlobalSection
	GlobalSection(ProjectConfigurationPlatforms) = postSolution
		{0510F2C0-04B9-4203-8243-31588B2F43A4}.Debug|Any CPU.ActiveCfg = Debug|Any CPU
		{0510F2C0-04B9-4203-8243-31588B2F43A4}.Debug|Any CPU.Build.0 = Debug|Any CPU
		{0510F2C0-04B9-4203-8243-31588B2F43A4}.Release|Any CPU.ActiveCfg = Release|Any CPU
		{0510F2C0-04B9-4203-8243-31588B2F43A4}.Release|Any CPU.Build.0 = Release|Any CPU
		{9EEB790A-E7CE-4A0D-A384-CB633B7A99D4}.Debug|Any CPU.ActiveCfg = Debug|Any CPU
		{9EEB790A-E7CE-4A0D-A384-CB633B7A99D4}.Debug|Any CPU.Build.0 = Debug|Any CPU
		{9EEB790A-E7CE-4A0D-A384-CB633B7A99D4}.Release|Any CPU.ActiveCfg = Release|Any CPU
		{9EEB790A-E7CE-4A0D-A384-CB633B7A99D4}.Release|Any CPU.Build.0 = Release|Any CPU
		{129241EE-8D9B-4B6A-94C6-C3B8B6C05063}.Debug|Any CPU.ActiveCfg = Debug|Any CPU
		{129241EE-8D9B-4B6A-94C6-C3B8B6C05063}.Debug|Any CPU.Build.0 = Debug|Any CPU
		{129241EE-8D9B-4B6A-94C6-C3B8B6C05063}.Release|Any CPU.ActiveCfg = Release|Any CPU
		{129241EE-8D9B-4B6A-94C6-C3B8B6C05063}.Release|Any CPU.Build.0 = Release|Any CPU
		{65D86DC0-647E-4536-9838-CE9C96134DB2}.Debug|Any CPU.ActiveCfg = Debug|Any CPU
		{65D86DC0-647E-4536-9838-CE9C96134DB2}.Debug|Any CPU.Build.0 = Debug|Any CPU
		{65D86DC0-647E-4536-9838-CE9C96134DB2}.Release|Any CPU.ActiveCfg = Release|Any CPU
		{65D86DC0-647E-4536-9838-CE9C96134DB2}.Release|Any CPU.Build.0 = Release|Any CPU
	EndGlobalSection
EndGlobal
