
Microsoft Visual Studio Solution File, Format Version 12.00
# Visual Studio Version 17
VisualStudioVersion = 17.5.002.0
MinimumVisualStudioVersion = 10.0.40219.1
Project("{9A19103F-16F7-4668-BE54-9A1E7A4F7556}") = "features", "features.csproj", "{6767FEF3-30BE-422E-8EA4-C2EDF10DC20F}"
EndProject
Global
	GlobalSection(SolutionConfigurationPlatforms) = preSolution
		Debug|Any CPU = Debug|Any CPU
		Release|Any CPU = Release|Any CPU
	EndGlobalSection
	GlobalSection(ProjectConfigurationPlatforms) = postSolution
		{6767FEF3-30BE-422E-8EA4-C2EDF10DC20F}.Debug|Any CPU.ActiveCfg = Debug|Any CPU
		{6767FEF3-30BE-422E-8EA4-C2EDF10DC20F}.Debug|Any CPU.Build.0 = Debug|Any CPU
		{6767FEF3-30BE-422E-8EA4-C2EDF10DC20F}.Release|Any CPU.ActiveCfg = Release|Any CPU
		{6767FEF3-30BE-422E-8EA4-C2EDF10DC20F}.Release|Any CPU.Build.0 = Release|Any CPU
	EndGlobalSection
	GlobalSection(SolutionProperties) = preSolution
		HideSolutionNode = FALSE
	EndGlobalSection
	GlobalSection(ExtensibilityGlobals) = postSolution
		SolutionGuid = {241A163B-3CE1-4CEE-9545-676AB53C6B41}
	EndGlobalSection
EndGlobal
